
Microsoft Visual Studio Solution File, Format Version 12.00
# Visual Studio Version 17
VisualStudioVersion = 17.14.36401.2 d17.14
MinimumVisualStudioVersion = 10.0.40219.1
Project("{888888A0-9F3D-457C-B088-3A5042F75D52}") = "LR4", "LR4\LR4.pyproj", "{221807DC-7BF1-4FCB-B1E5-1ED4EC32D759}"
EndProject
Global
	GlobalSection(SolutionConfigurationPlatforms) = preSolution
		Debug|Any CPU = Debug|Any CPU
		Release|Any CPU = Release|Any CPU
	EndGlobalSection
	GlobalSection(ProjectConfigurationPlatforms) = postSolution
		{221807DC-7BF1-4FCB-B1E5-1ED4EC32D759}.Debug|Any CPU.ActiveCfg = Debug|Any CPU
		{221807DC-7BF1-4FCB-B1E5-1ED4EC32D759}.Release|Any CPU.ActiveCfg = Release|Any CPU
	EndGlobalSection
	GlobalSection(SolutionProperties) = preSolution
		HideSolutionNode = FALSE
	EndGlobalSection
	GlobalSection(ExtensibilityGlobals) = postSolution
		SolutionGuid = {EC00E2C4-6D7E-4CF6-B0E6-DD73ED806E32}
	EndGlobalSection
EndGlobal
