
Microsoft Visual Studio Solution File, Format Version 12.00
# Visual Studio Version 17
VisualStudioVersion = 17.14.36401.2 d17.14
MinimumVisualStudioVersion = 10.0.40219.1
Project("{888888A0-9F3D-457C-B088-3A5042F75D52}") = "LR3", "LR3\LR3.pyproj", "{AE12D2F6-F120-4B07-84E9-007049C4F87E}"
EndProject
Global
	GlobalSection(SolutionConfigurationPlatforms) = preSolution
		Debug|Any CPU = Debug|Any CPU
		Release|Any CPU = Release|Any CPU
	EndGlobalSection
	GlobalSection(ProjectConfigurationPlatforms) = postSolution
		{AE12D2F6-F120-4B07-84E9-007049C4F87E}.Debug|Any CPU.ActiveCfg = Debug|Any CPU
		{AE12D2F6-F120-4B07-84E9-007049C4F87E}.Release|Any CPU.ActiveCfg = Release|Any CPU
	EndGlobalSection
	GlobalSection(SolutionProperties) = preSolution
		HideSolutionNode = FALSE
	EndGlobalSection
	GlobalSection(ExtensibilityGlobals) = postSolution
		SolutionGuid = {E727F82F-3DBE-4659-8C42-74DDF1D643BD}
	EndGlobalSection
EndGlobal
